// !$*UTF8*$!
{
	archiveVersion = 1;
	classes = {
	};
	objectVersion = 77;
	objects = {

/* Begin PBXBuildFile section */
		175DC4387A4C7D0DE10D6B9F /* SeamCarvingApp.swift in Sources */ = {isa = PBXBuildFile; fileRef = D1B4961499C5D8064030B4AE /* SeamCarvingApp.swift */; };
		1F05DE92745213E722C7D1D6 /* FaceProtectionControlsView.swift in Sources */ = {isa = PBXBuildFile; fileRef = 7B071D420FB4699C1EF1B350 /* FaceProtectionControlsView.swift */; };
		1FFCFBE826C1020F0CA38E0C /* ResizeControlsView.swift in Sources */ = {isa = PBXBuildFile; fileRef = 1CDBE36C3E1A9C31741B292A /* ResizeControlsView.swift */; };
		2111ECE8FE2E00B55FC55B72 /* ResizeDocument.swift in Sources */ = {isa = PBXBuildFile; fileRef = 767C665B027667E72901BF47 /* ResizeDocument.swift */; };
		3038CE5192D39F44BFD7310E /* AppModelTests.swift in Sources */ = {isa = PBXBuildFile; fileRef = CF2A5361B742B2EA0A6E5018 /* AppModelTests.swift */; };
		5B0E7CD75BA235864C8C9546 /* SeamCarvingApple in Frameworks */ = {isa = PBXBuildFile; productRef = 22E58456907BDF972B4CCE92 /* SeamCarvingApple */; };
		613091EAACD74E9C9A5D3CB8 /* ResizeConfigurationTests.swift in Sources */ = {isa = PBXBuildFile; fileRef = 6A5FBEF7D3B634D7118D5E40 /* ResizeConfigurationTests.swift */; };
		6426F439A851E9308A110881 /* MaskPaintingController.swift in Sources */ = {isa = PBXBuildFile; fileRef = 0FF6465605613391BF32F51B /* MaskPaintingController.swift */; };
		65DCAF4CD14CCF728FC3717B /* ResizeConfiguration.swift in Sources */ = {isa = PBXBuildFile; fileRef = EEFA169BC723551B65481E7F /* ResizeConfiguration.swift */; };
		676CC8C6D1DB6B7B41888C07 /* CarveProgressView.swift in Sources */ = {isa = PBXBuildFile; fileRef = E077EEF62CA83A558BF3B743 /* CarveProgressView.swift */; };
		791F0E9CDC4368B02FF3B972 /* EditorGUIUITests.swift in Sources */ = {isa = PBXBuildFile; fileRef = 4CD971511CF60BBDC4938708 /* EditorGUIUITests.swift */; };
		7D4D79121F6A7F2C7F1FD53C /* Accessibility.swift in Sources */ = {isa = PBXBuildFile; fileRef = F917CCE5F723C5827CFE0F3C /* Accessibility.swift */; };
		820134D62BDEAF9E3A4C08C7 /* SeamCarvingVision in Frameworks */ = {isa = PBXBuildFile; productRef = 0E1C90B525AF3D592EFA1B68 /* SeamCarvingVision */; };
		A76E8981F73A15BF5D302D01 /* AcceptanceMatrix.md in Resources */ = {isa = PBXBuildFile; fileRef = 582DB63952E28ADAF6DB904A /* AcceptanceMatrix.md */; };
		AA0A8CF9C471EDD0C28FD7CA /* SeamCarvingApple in Frameworks */ = {isa = PBXBuildFile; productRef = 080339A7DA805BBAC0B17D7B /* SeamCarvingApple */; };
		AECE4679F2DD277D6B90788B /* SeamCarvingVision in Frameworks */ = {isa = PBXBuildFile; productRef = 6D4291298A82F8F87C4B1746 /* SeamCarvingVision */; };
		C6059C8FB5BEF8B28B81F7A2 /* MaskToolbarView.swift in Sources */ = {isa = PBXBuildFile; fileRef = 1C7CA32499A1C15A73D223EE /* MaskToolbarView.swift */; };
		C955D4C500648EF051FFABA2 /* IOSPlatformServices.swift in Sources */ = {isa = PBXBuildFile; fileRef = 05C0F8E38EF635346BE10A0F /* IOSPlatformServices.swift */; };
		CFDB49C35532FCAA031B22EE /* EditorUITests.swift in Sources */ = {isa = PBXBuildFile; fileRef = 1D116582298645AAACF50678 /* EditorUITests.swift */; };
		D071B4BB56FE2DDCFC560E8D /* SeamCarvingCore in Frameworks */ = {isa = PBXBuildFile; productRef = 02901447C73792F3B57DF862 /* SeamCarvingCore */; };
		E7516AC15708A4686726CA82 /* ImageCanvasView.swift in Sources */ = {isa = PBXBuildFile; fileRef = 542CBA056AC20AA1F59D93C9 /* ImageCanvasView.swift */; };
		E7C135C5CFA4AC678D824586 /* ContentView.swift in Sources */ = {isa = PBXBuildFile; fileRef = F75E4EFDA047EC29DF29DBEF /* ContentView.swift */; };
		F06BA7CD9A4461788D3BBC6B /* SeamCarvingCore in Frameworks */ = {isa = PBXBuildFile; productRef = 04052D1B2E3852532BB62A2D /* SeamCarvingCore */; };
		F610D70B3F5CAE01B5E7393B /* ExportView.swift in Sources */ = {isa = PBXBuildFile; fileRef = DAF60E55CFCECC2C6BB29510 /* ExportView.swift */; };
		F937DDF7E8E1370BF0E4C4CE /* AppModel.swift in Sources */ = {isa = PBXBuildFile; fileRef = 3778929F0933F841B0B4B252 /* AppModel.swift */; };
/* End PBXBuildFile section */

/* Begin PBXContainerItemProxy section */
		0AD1273139C3D498ACFC05F6 /* PBXContainerItemProxy */ = {
			isa = PBXContainerItemProxy;
			containerPortal = 09C351FDC8742F0A8523A432 /* Project object */;
			proxyType = 1;
			remoteGlobalIDString = 30F47E93D7FA598A69143DAB;
			remoteInfo = SeamCarvingApp;
		};
		FEC42074979C81FC5FEB0197 /* PBXContainerItemProxy */ = {
			isa = PBXContainerItemProxy;
			containerPortal = 09C351FDC8742F0A8523A432 /* Project object */;
			proxyType = 1;
			remoteGlobalIDString = 30F47E93D7FA598A69143DAB;
			remoteInfo = SeamCarvingApp;
		};
/* End PBXContainerItemProxy section */

/* Begin PBXFileReference section */
		05C0F8E38EF635346BE10A0F /* IOSPlatformServices.swift */ = {isa = PBXFileReference; lastKnownFileType = sourcecode.swift; path = IOSPlatformServices.swift; sourceTree = "<group>"; };
		0FF6465605613391BF32F51B /* MaskPaintingController.swift */ = {isa = PBXFileReference; lastKnownFileType = sourcecode.swift; path = MaskPaintingController.swift; sourceTree = "<group>"; };
		150529A85B5A26250F2DD13D /* SeamCarvingAppTests.xctest */ = {isa = PBXFileReference; includeInIndex = 0; lastKnownFileType = wrapper.cfbundle; path = SeamCarvingAppTests.xctest; sourceTree = BUILT_PRODUCTS_DIR; };
		1C7CA32499A1C15A73D223EE /* MaskToolbarView.swift */ = {isa = PBXFileReference; lastKnownFileType = sourcecode.swift; path = MaskToolbarView.swift; sourceTree = "<group>"; };
		1CDBE36C3E1A9C31741B292A /* ResizeControlsView.swift */ = {isa = PBXFileReference; lastKnownFileType = sourcecode.swift; path = ResizeControlsView.swift; sourceTree = "<group>"; };
		1D116582298645AAACF50678 /* EditorUITests.swift */ = {isa = PBXFileReference; lastKnownFileType = sourcecode.swift; path = EditorUITests.swift; sourceTree = "<group>"; };
		2928F8D2C19EC1B51F0873B5 /* SeemCarvingSwift */ = {isa = PBXFileReference; lastKnownFileType = folder; name = SeemCarvingSwift; path = ../..; sourceTree = SOURCE_ROOT; };
		3778929F0933F841B0B4B252 /* AppModel.swift */ = {isa = PBXFileReference; lastKnownFileType = sourcecode.swift; path = AppModel.swift; sourceTree = "<group>"; };
		46DC13845A32CF0775FDEA51 /* SeamCarvingAppUITests.xctest */ = {isa = PBXFileReference; includeInIndex = 0; lastKnownFileType = wrapper.cfbundle; path = SeamCarvingAppUITests.xctest; sourceTree = BUILT_PRODUCTS_DIR; };
		4CD971511CF60BBDC4938708 /* EditorGUIUITests.swift */ = {isa = PBXFileReference; lastKnownFileType = sourcecode.swift; path = EditorGUIUITests.swift; sourceTree = "<group>"; };
		542CBA056AC20AA1F59D93C9 /* ImageCanvasView.swift */ = {isa = PBXFileReference; lastKnownFileType = sourcecode.swift; path = ImageCanvasView.swift; sourceTree = "<group>"; };
		582DB63952E28ADAF6DB904A /* AcceptanceMatrix.md */ = {isa = PBXFileReference; lastKnownFileType = net.daringfireball.markdown; path = AcceptanceMatrix.md; sourceTree = "<group>"; };
		6A5FBEF7D3B634D7118D5E40 /* ResizeConfigurationTests.swift */ = {isa = PBXFileReference; lastKnownFileType = sourcecode.swift; path = ResizeConfigurationTests.swift; sourceTree = "<group>"; };
		767C665B027667E72901BF47 /* ResizeDocument.swift */ = {isa = PBXFileReference; lastKnownFileType = sourcecode.swift; path = ResizeDocument.swift; sourceTree = "<group>"; };
		7B071D420FB4699C1EF1B350 /* FaceProtectionControlsView.swift */ = {isa = PBXFileReference; lastKnownFileType = sourcecode.swift; path = FaceProtectionControlsView.swift; sourceTree = "<group>"; };
		8FDCC72EF3D15846BAE9CC56 /* SeamCarvingApp.app */ = {isa = PBXFileReference; includeInIndex = 0; lastKnownFileType = wrapper.application; path = SeamCarvingApp.app; sourceTree = BUILT_PRODUCTS_DIR; };
		CF2A5361B742B2EA0A6E5018 /* AppModelTests.swift */ = {isa = PBXFileReference; lastKnownFileType = sourcecode.swift; path = AppModelTests.swift; sourceTree = "<group>"; };
		D1B4961499C5D8064030B4AE /* SeamCarvingApp.swift */ = {isa = PBXFileReference; lastKnownFileType = sourcecode.swift; path = SeamCarvingApp.swift; sourceTree = "<group>"; };
		DAF60E55CFCECC2C6BB29510 /* ExportView.swift */ = {isa = PBXFileReference; lastKnownFileType = sourcecode.swift; path = ExportView.swift; sourceTree = "<group>"; };
		E077EEF62CA83A558BF3B743 /* CarveProgressView.swift */ = {isa = PBXFileReference; lastKnownFileType = sourcecode.swift; path = CarveProgressView.swift; sourceTree = "<group>"; };
		EEFA169BC723551B65481E7F /* ResizeConfiguration.swift */ = {isa = PBXFileReference; lastKnownFileType = sourcecode.swift; path = ResizeConfiguration.swift; sourceTree = "<group>"; };
		F75E4EFDA047EC29DF29DBEF /* ContentView.swift */ = {isa = PBXFileReference; lastKnownFileType = sourcecode.swift; path = ContentView.swift; sourceTree = "<group>"; };
		F917CCE5F723C5827CFE0F3C /* Accessibility.swift */ = {isa = PBXFileReference; lastKnownFileType = sourcecode.swift; path = Accessibility.swift; sourceTree = "<group>"; };
/* End PBXFileReference section */

/* Begin PBXFrameworksBuildPhase section */
		665E052B69AF08A489220163 /* Frameworks */ = {
			isa = PBXFrameworksBuildPhase;
			buildActionMask = 2147483647;
			files = (
				5B0E7CD75BA235864C8C9546 /* SeamCarvingApple in Frameworks */,
				F06BA7CD9A4461788D3BBC6B /* SeamCarvingCore in Frameworks */,
				AECE4679F2DD277D6B90788B /* SeamCarvingVision in Frameworks */,
			);
			runOnlyForDeploymentPostprocessing = 0;
		};
		DA88E14AB897A27FF9F01174 /* Frameworks */ = {
			isa = PBXFrameworksBuildPhase;
			buildActionMask = 2147483647;
			files = (
				AA0A8CF9C471EDD0C28FD7CA /* SeamCarvingApple in Frameworks */,
				D071B4BB56FE2DDCFC560E8D /* SeamCarvingCore in Frameworks */,
				820134D62BDEAF9E3A4C08C7 /* SeamCarvingVision in Frameworks */,
			);
			runOnlyForDeploymentPostprocessing = 0;
		};
/* End PBXFrameworksBuildPhase section */

/* Begin PBXGroup section */
		202BECBC8DE2151895C3B959 /* Tests */ = {
			isa = PBXGroup;
			children = (
				582DB63952E28ADAF6DB904A /* AcceptanceMatrix.md */,
				CF2A5361B742B2EA0A6E5018 /* AppModelTests.swift */,
				1D116582298645AAACF50678 /* EditorUITests.swift */,
				6A5FBEF7D3B634D7118D5E40 /* ResizeConfigurationTests.swift */,
			);
			path = Tests;
			sourceTree = "<group>";
		};
		4CCB2409ED935E31774AFF7A /* UITests */ = {
			isa = PBXGroup;
			children = (
				4CD971511CF60BBDC4938708 /* EditorGUIUITests.swift */,
			);
			path = UITests;
			sourceTree = "<group>";
		};
		72DCBE22A8248A786B5A7D5E /* Sources */ = {
			isa = PBXGroup;
			children = (
				B387577BB32E2C1AACE155CA /* iOS */,
				C42A176ED12DEB44C76BCCA6 /* Shared */,
			);
			path = Sources;
			sourceTree = "<group>";
		};
		931E5A2D44A5DF34488D268A /* Packages */ = {
			isa = PBXGroup;
			children = (
				2928F8D2C19EC1B51F0873B5 /* SeemCarvingSwift */,
			);
			name = Packages;
			sourceTree = "<group>";
		};
		B387577BB32E2C1AACE155CA /* iOS */ = {
			isa = PBXGroup;
			children = (
				05C0F8E38EF635346BE10A0F /* IOSPlatformServices.swift */,
			);
			path = iOS;
			sourceTree = "<group>";
		};
		C42A176ED12DEB44C76BCCA6 /* Shared */ = {
			isa = PBXGroup;
			children = (
				F917CCE5F723C5827CFE0F3C /* Accessibility.swift */,
				3778929F0933F841B0B4B252 /* AppModel.swift */,
				E077EEF62CA83A558BF3B743 /* CarveProgressView.swift */,
				F75E4EFDA047EC29DF29DBEF /* ContentView.swift */,
				DAF60E55CFCECC2C6BB29510 /* ExportView.swift */,
				7B071D420FB4699C1EF1B350 /* FaceProtectionControlsView.swift */,
				542CBA056AC20AA1F59D93C9 /* ImageCanvasView.swift */,
				0FF6465605613391BF32F51B /* MaskPaintingController.swift */,
				1C7CA32499A1C15A73D223EE /* MaskToolbarView.swift */,
				EEFA169BC723551B65481E7F /* ResizeConfiguration.swift */,
				1CDBE36C3E1A9C31741B292A /* ResizeControlsView.swift */,
				767C665B027667E72901BF47 /* ResizeDocument.swift */,
				D1B4961499C5D8064030B4AE /* SeamCarvingApp.swift */,
			);
			path = Shared;
			sourceTree = "<group>";
		};
		F468B802F7FFB9AFC2071930 /* Products */ = {
			isa = PBXGroup;
			children = (
				8FDCC72EF3D15846BAE9CC56 /* SeamCarvingApp.app */,
				150529A85B5A26250F2DD13D /* SeamCarvingAppTests.xctest */,
				46DC13845A32CF0775FDEA51 /* SeamCarvingAppUITests.xctest */,
			);
			name = Products;
			sourceTree = "<group>";
		};
		F705EA8AF110835BE692CF02 = {
			isa = PBXGroup;
			children = (
				931E5A2D44A5DF34488D268A /* Packages */,
				72DCBE22A8248A786B5A7D5E /* Sources */,
				202BECBC8DE2151895C3B959 /* Tests */,
				4CCB2409ED935E31774AFF7A /* UITests */,
				F468B802F7FFB9AFC2071930 /* Products */,
			);
			sourceTree = "<group>";
		};
/* End PBXGroup section */

/* Begin PBXNativeTarget section */
		186224EDF9E6F392DAFD517C /* SeamCarvingAppTests */ = {
			isa = PBXNativeTarget;
			buildConfigurationList = D69D43F8A68DBCE7D4FD38D1 /* Build configuration list for PBXNativeTarget "SeamCarvingAppTests" */;
			buildPhases = (
				F0A49F2FF635164A53FC0185 /* Sources */,
				15DA76B411FD7C951C26157A /* Resources */,
				665E052B69AF08A489220163 /* Frameworks */,
			);
			buildRules = (
			);
			dependencies = (
				A199E160334AC2E09E6C5160 /* PBXTargetDependency */,
			);
			name = SeamCarvingAppTests;
			packageProductDependencies = (
				22E58456907BDF972B4CCE92 /* SeamCarvingApple */,
				04052D1B2E3852532BB62A2D /* SeamCarvingCore */,
				6D4291298A82F8F87C4B1746 /* SeamCarvingVision */,
			);
			productName = SeamCarvingAppTests;
			productReference = 150529A85B5A26250F2DD13D /* SeamCarvingAppTests.xctest */;
			productType = "com.apple.product-type.bundle.unit-test";
		};
		30F47E93D7FA598A69143DAB /* SeamCarvingApp */ = {
			isa = PBXNativeTarget;
			buildConfigurationList = 857348AD3DE2DB254D8DAF1D /* Build configuration list for PBXNativeTarget "SeamCarvingApp" */;
			buildPhases = (
				4639E19C13F6B176371C7368 /* Sources */,
				DA88E14AB897A27FF9F01174 /* Frameworks */,
			);
			buildRules = (
			);
			dependencies = (
			);
			name = SeamCarvingApp;
			packageProductDependencies = (
				080339A7DA805BBAC0B17D7B /* SeamCarvingApple */,
				02901447C73792F3B57DF862 /* SeamCarvingCore */,
				0E1C90B525AF3D592EFA1B68 /* SeamCarvingVision */,
			);
			productName = SeamCarvingApp;
			productReference = 8FDCC72EF3D15846BAE9CC56 /* SeamCarvingApp.app */;
			productType = "com.apple.product-type.application";
		};
		B247EE86F6CD918C398DB3BE /* SeamCarvingAppUITests */ = {
			isa = PBXNativeTarget;
			buildConfigurationList = 9B1A42C2DC04FE228A53ACB2 /* Build configuration list for PBXNativeTarget "SeamCarvingAppUITests" */;
			buildPhases = (
				AFD61FAB31E10877A3B8A548 /* Sources */,
			);
			buildRules = (
			);
			dependencies = (
				D6D0202404DD9C0731269299 /* PBXTargetDependency */,
			);
			name = SeamCarvingAppUITests;
			packageProductDependencies = (
			);
			productName = SeamCarvingAppUITests;
			productReference = 46DC13845A32CF0775FDEA51 /* SeamCarvingAppUITests.xctest */;
			productType = "com.apple.product-type.bundle.ui-testing";
		};
/* End PBXNativeTarget section */

/* Begin PBXProject section */
		09C351FDC8742F0A8523A432 /* Project object */ = {
			isa = PBXProject;
			attributes = {
				BuildIndependentTargetsInParallel = YES;
				LastUpgradeCheck = 1430;
				TargetAttributes = {
					186224EDF9E6F392DAFD517C = {
						ProvisioningStyle = Automatic;
					};
					30F47E93D7FA598A69143DAB = {
						ProvisioningStyle = Automatic;
					};
					B247EE86F6CD918C398DB3BE = {
						ProvisioningStyle = Automatic;
						TestTargetID = 30F47E93D7FA598A69143DAB;
					};
				};
			};
			buildConfigurationList = C68E682DC5148B8442608320 /* Build configuration list for PBXProject "SeamCarvingApp" */;
			developmentRegion = en;
			hasScannedForEncodings = 0;
			knownRegions = (
				Base,
				en,
			);
			mainGroup = F705EA8AF110835BE692CF02;
			minimizedProjectReferenceProxies = 1;
			packageReferences = (
				54D066BC961CE5928062D1DC /* XCLocalSwiftPackageReference "../.." */,
			);
			preferredProjectObjectVersion = 77;
			productRefGroup = F468B802F7FFB9AFC2071930 /* Products */;
			projectDirPath = "";
			projectRoot = "";
			targets = (
				30F47E93D7FA598A69143DAB /* SeamCarvingApp */,
				186224EDF9E6F392DAFD517C /* SeamCarvingAppTests */,
				B247EE86F6CD918C398DB3BE /* SeamCarvingAppUITests */,
			);
		};
/* End PBXProject section */

/* Begin PBXResourcesBuildPhase section */
		15DA76B411FD7C951C26157A /* Resources */ = {
			isa = PBXResourcesBuildPhase;
			buildActionMask = 2147483647;
			files = (
				A76E8981F73A15BF5D302D01 /* AcceptanceMatrix.md in Resources */,
			);
			runOnlyForDeploymentPostprocessing = 0;
		};
/* End PBXResourcesBuildPhase section */

/* Begin PBXSourcesBuildPhase section */
		4639E19C13F6B176371C7368 /* Sources */ = {
			isa = PBXSourcesBuildPhase;
			buildActionMask = 2147483647;
			files = (
				7D4D79121F6A7F2C7F1FD53C /* Accessibility.swift in Sources */,
				F937DDF7E8E1370BF0E4C4CE /* AppModel.swift in Sources */,
				676CC8C6D1DB6B7B41888C07 /* CarveProgressView.swift in Sources */,
				E7C135C5CFA4AC678D824586 /* ContentView.swift in Sources */,
				F610D70B3F5CAE01B5E7393B /* ExportView.swift in Sources */,
				1F05DE92745213E722C7D1D6 /* FaceProtectionControlsView.swift in Sources */,
				C955D4C500648EF051FFABA2 /* IOSPlatformServices.swift in Sources */,
				E7516AC15708A4686726CA82 /* ImageCanvasView.swift in Sources */,
				6426F439A851E9308A110881 /* MaskPaintingController.swift in Sources */,
				C6059C8FB5BEF8B28B81F7A2 /* MaskToolbarView.swift in Sources */,
				65DCAF4CD14CCF728FC3717B /* ResizeConfiguration.swift in Sources */,
				1FFCFBE826C1020F0CA38E0C /* ResizeControlsView.swift in Sources */,
				2111ECE8FE2E00B55FC55B72 /* ResizeDocument.swift in Sources */,
				175DC4387A4C7D0DE10D6B9F /* SeamCarvingApp.swift in Sources */,
			);
			runOnlyForDeploymentPostprocessing = 0;
		};
		AFD61FAB31E10877A3B8A548 /* Sources */ = {
			isa = PBXSourcesBuildPhase;
			buildActionMask = 2147483647;
			files = (
				791F0E9CDC4368B02FF3B972 /* EditorGUIUITests.swift in Sources */,
			);
			runOnlyForDeploymentPostprocessing = 0;
		};
		F0A49F2FF635164A53FC0185 /* Sources */ = {
			isa = PBXSourcesBuildPhase;
			buildActionMask = 2147483647;
			files = (
				3038CE5192D39F44BFD7310E /* AppModelTests.swift in Sources */,
				CFDB49C35532FCAA031B22EE /* EditorUITests.swift in Sources */,
				613091EAACD74E9C9A5D3CB8 /* ResizeConfigurationTests.swift in Sources */,
			);
			runOnlyForDeploymentPostprocessing = 0;
		};
/* End PBXSourcesBuildPhase section */

/* Begin PBXTargetDependency section */
		A199E160334AC2E09E6C5160 /* PBXTargetDependency */ = {
			isa = PBXTargetDependency;
			target = 30F47E93D7FA598A69143DAB /* SeamCarvingApp */;
			targetProxy = 0AD1273139C3D498ACFC05F6 /* PBXContainerItemProxy */;
		};
		D6D0202404DD9C0731269299 /* PBXTargetDependency */ = {
			isa = PBXTargetDependency;
			target = 30F47E93D7FA598A69143DAB /* SeamCarvingApp */;
			targetProxy = FEC42074979C81FC5FEB0197 /* PBXContainerItemProxy */;
		};
/* End PBXTargetDependency section */

/* Begin XCBuildConfiguration section */
		3FBFC591484787415C6DB959 /* Debug */ = {
			isa = XCBuildConfiguration;
			buildSettings = {
				BUNDLE_LOADER = "$(TEST_HOST)";
				LD_RUNPATH_SEARCH_PATHS = (
					"$(inherited)",
					"@executable_path/Frameworks",
					"@loader_path/Frameworks",
				);
				PRODUCT_BUNDLE_IDENTIFIER = "com.seamcarving.app-ui-tests";
				SDKROOT = iphoneos;
				TARGETED_DEVICE_FAMILY = "1,2";
				TEST_TARGET_NAME = SeamCarvingApp;
			};
			name = Debug;
		};
		6498E2CF99D00251B534D958 /* Release */ = {
			isa = XCBuildConfiguration;
			buildSettings = {
				ASSETCATALOG_COMPILER_APPICON_NAME = AppIcon;
				CODE_SIGN_IDENTITY = "iPhone Developer";
				DERIVE_MACCATALYST_PRODUCT_BUNDLE_IDENTIFIER = YES;
				INFOPLIST_KEY_CFBundleDisplayName = "Seam Carving";
				INFOPLIST_KEY_UILaunchScreen_Generation = YES;
				INFOPLIST_KEY_UISupportedInterfaceOrientations_iPad = "UIInterfaceOrientationPortrait UIInterfaceOrientationPortraitUpsideDown UIInterfaceOrientationLandscapeLeft UIInterfaceOrientationLandscapeRight";
				INFOPLIST_KEY_UISupportedInterfaceOrientations_iPhone = "UIInterfaceOrientationPortrait UIInterfaceOrientationPortraitUpsideDown UIInterfaceOrientationLandscapeLeft UIInterfaceOrientationLandscapeRight";
				LD_RUNPATH_SEARCH_PATHS = (
					"$(inherited)",
					"@executable_path/Frameworks",
				);
				PRODUCT_BUNDLE_IDENTIFIER = com.seamcarving.ios;
				PRODUCT_MODULE_NAME = Shared;
				PRODUCT_NAME = SeamCarving;
				SDKROOT = iphoneos;
				SUPPORTS_MACCATALYST = YES;
				TARGETED_DEVICE_FAMILY = "1,2";
			};
			name = Release;
		};
		7622D854DD3BEA72EF2D7C93 /* Debug */ = {
			isa = XCBuildConfiguration;
			buildSettings = {
				ASSETCATALOG_COMPILER_APPICON_NAME = AppIcon;
				CODE_SIGN_IDENTITY = "iPhone Developer";
				DERIVE_MACCATALYST_PRODUCT_BUNDLE_IDENTIFIER = YES;
				INFOPLIST_KEY_CFBundleDisplayName = "Seam Carving";
				INFOPLIST_KEY_UILaunchScreen_Generation = YES;
				INFOPLIST_KEY_UISupportedInterfaceOrientations_iPad = "UIInterfaceOrientationPortrait UIInterfaceOrientationPortraitUpsideDown UIInterfaceOrientationLandscapeLeft UIInterfaceOrientationLandscapeRight";
				INFOPLIST_KEY_UISupportedInterfaceOrientations_iPhone = "UIInterfaceOrientationPortrait UIInterfaceOrientationPortraitUpsideDown UIInterfaceOrientationLandscapeLeft UIInterfaceOrientationLandscapeRight";
				LD_RUNPATH_SEARCH_PATHS = (
					"$(inherited)",
					"@executable_path/Frameworks",
				);
				PRODUCT_BUNDLE_IDENTIFIER = com.seamcarving.ios;
				PRODUCT_MODULE_NAME = Shared;
				PRODUCT_NAME = SeamCarving;
				SDKROOT = iphoneos;
				SUPPORTS_MACCATALYST = YES;
				TARGETED_DEVICE_FAMILY = "1,2";
			};
			name = Debug;
		};
		8DE981542BB3159138AEFA3C /* Release */ = {
			isa = XCBuildConfiguration;
			buildSettings = {
				BUNDLE_LOADER = "$(TEST_HOST)";
				LD_RUNPATH_SEARCH_PATHS = (
					"$(inherited)",
					"@executable_path/Frameworks",
					"@loader_path/Frameworks",
				);
				PRODUCT_BUNDLE_IDENTIFIER = "com.seamcarving.app-tests";
				SDKROOT = iphoneos;
				TARGETED_DEVICE_FAMILY = "1,2";
				TEST_HOST = "$(BUILT_PRODUCTS_DIR)/SeamCarving.app/SeamCarving";
			};
			name = Release;
		};
		A07C646069426BFCA6A1F310 /* Debug */ = {
			isa = XCBuildConfiguration;
			buildSettings = {
				BUNDLE_LOADER = "$(TEST_HOST)";
				LD_RUNPATH_SEARCH_PATHS = (
					"$(inherited)",
					"@executable_path/Frameworks",
					"@loader_path/Frameworks",
				);
				PRODUCT_BUNDLE_IDENTIFIER = "com.seamcarving.app-tests";
				SDKROOT = iphoneos;
				TARGETED_DEVICE_FAMILY = "1,2";
				TEST_HOST = "$(BUILT_PRODUCTS_DIR)/SeamCarving.app/SeamCarving";
			};
			name = Debug;
		};
		AE51A1CA146EE29F9F838B03 /* Debug */ = {
			isa = XCBuildConfiguration;
			buildSettings = {
				ALWAYS_SEARCH_USER_PATHS = NO;
				CLANG_ANALYZER_NONNULL = YES;
				CLANG_ANALYZER_NUMBER_OBJECT_CONVERSION = YES_AGGRESSIVE;
				CLANG_CXX_LANGUAGE_STANDARD = "gnu++14";
				CLANG_CXX_LIBRARY = "libc++";
				CLANG_ENABLE_MODULES = YES;
				CLANG_ENABLE_OBJC_ARC = YES;
				CLANG_ENABLE_OBJC_WEAK = YES;
				CLANG_WARN_BLOCK_CAPTURE_AUTORELEASING = YES;
				CLANG_WARN_BOOL_CONVERSION = YES;
				CLANG_WARN_COMMA = YES;
				CLANG_WARN_CONSTANT_CONVERSION = YES;
				CLANG_WARN_DEPRECATED_OBJC_IMPLEMENTATIONS = YES;
				CLANG_WARN_DIRECT_OBJC_ISA_USAGE = YES_ERROR;
				CLANG_WARN_DOCUMENTATION_COMMENTS = YES;
				CLANG_WARN_EMPTY_BODY = YES;
				CLANG_WARN_ENUM_CONVERSION = YES;
				CLANG_WARN_INFINITE_RECURSION = YES;
				CLANG_WARN_INT_CONVERSION = YES;
				CLANG_WARN_NON_LITERAL_NULL_CONVERSION = YES;
				CLANG_WARN_OBJC_IMPLICIT_RETAIN_SELF = YES;
				CLANG_WARN_OBJC_LITERAL_CONVERSION = YES;
				CLANG_WARN_OBJC_ROOT_CLASS = YES_ERROR;
				CLANG_WARN_QUOTED_INCLUDE_IN_FRAMEWORK_HEADER = YES;
				CLANG_WARN_RANGE_LOOP_ANALYSIS = YES;
				CLANG_WARN_STRICT_PROTOTYPES = YES;
				CLANG_WARN_SUSPICIOUS_MOVE = YES;
				CLANG_WARN_UNGUARDED_AVAILABILITY = YES_AGGRESSIVE;
				CLANG_WARN_UNREACHABLE_CODE = YES;
				CLANG_WARN__DUPLICATE_METHOD_MATCH = YES;
				CODE_SIGN_STYLE = Automatic;
				COPY_PHASE_STRIP = NO;
				DEBUG_INFORMATION_FORMAT = dwarf;
				ENABLE_STRICT_OBJC_MSGSEND = YES;
				ENABLE_TESTABILITY = YES;
				GCC_C_LANGUAGE_STANDARD = gnu11;
				GCC_DYNAMIC_NO_PIC = NO;
				GCC_NO_COMMON_BLOCKS = YES;
				GCC_OPTIMIZATION_LEVEL = 0;
				GCC_PREPROCESSOR_DEFINITIONS = (
					"$(inherited)",
					"DEBUG=1",
				);
				GCC_WARN_64_TO_32_BIT_CONVERSION = YES;
				GCC_WARN_ABOUT_RETURN_TYPE = YES_ERROR;
				GCC_WARN_UNDECLARED_SELECTOR = YES;
				GCC_WARN_UNINITIALIZED_AUTOS = YES_AGGRESSIVE;
				GCC_WARN_UNUSED_FUNCTION = YES;
				GCC_WARN_UNUSED_VARIABLE = YES;
				GENERATE_INFOPLIST_FILE = YES;
				IPHONEOS_DEPLOYMENT_TARGET = 17.0;
				MTL_ENABLE_DEBUG_INFO = INCLUDE_SOURCE;
				MTL_FAST_MATH = YES;
				ONLY_ACTIVE_ARCH = YES;
				PRODUCT_NAME = "$(TARGET_NAME)";
				SDKROOT = iphoneos;
				SWIFT_ACTIVE_COMPILATION_CONDITIONS = DEBUG;
				SWIFT_OPTIMIZATION_LEVEL = "-Onone";
				SWIFT_VERSION = 6.0;
			};
			name = Debug;
		};
		F7D6D013FF466BCBD33297E5 /* Release */ = {
			isa = XCBuildConfiguration;
			buildSettings = {
				ALWAYS_SEARCH_USER_PATHS = NO;
				CLANG_ANALYZER_NONNULL = YES;
				CLANG_ANALYZER_NUMBER_OBJECT_CONVERSION = YES_AGGRESSIVE;
				CLANG_CXX_LANGUAGE_STANDARD = "gnu++14";
				CLANG_CXX_LIBRARY = "libc++";
				CLANG_ENABLE_MODULES = YES;
				CLANG_ENABLE_OBJC_ARC = YES;
				CLANG_ENABLE_OBJC_WEAK = YES;
				CLANG_WARN_BLOCK_CAPTURE_AUTORELEASING = YES;
				CLANG_WARN_BOOL_CONVERSION = YES;
				CLANG_WARN_COMMA = YES;
				CLANG_WARN_CONSTANT_CONVERSION = YES;
				CLANG_WARN_DEPRECATED_OBJC_IMPLEMENTATIONS = YES;
				CLANG_WARN_DIRECT_OBJC_ISA_USAGE = YES_ERROR;
				CLANG_WARN_DOCUMENTATION_COMMENTS = YES;
				CLANG_WARN_EMPTY_BODY = YES;
				CLANG_WARN_ENUM_CONVERSION = YES;
				CLANG_WARN_INFINITE_RECURSION = YES;
				CLANG_WARN_INT_CONVERSION = YES;
				CLANG_WARN_NON_LITERAL_NULL_CONVERSION = YES;
				CLANG_WARN_OBJC_IMPLICIT_RETAIN_SELF = YES;
				CLANG_WARN_OBJC_LITERAL_CONVERSION = YES;
				CLANG_WARN_OBJC_ROOT_CLASS = YES_ERROR;
				CLANG_WARN_QUOTED_INCLUDE_IN_FRAMEWORK_HEADER = YES;
				CLANG_WARN_RANGE_LOOP_ANALYSIS = YES;
				CLANG_WARN_STRICT_PROTOTYPES = YES;
				CLANG_WARN_SUSPICIOUS_MOVE = YES;
				CLANG_WARN_UNGUARDED_AVAILABILITY = YES_AGGRESSIVE;
				CLANG_WARN_UNREACHABLE_CODE = YES;
				CLANG_WARN__DUPLICATE_METHOD_MATCH = YES;
				CODE_SIGN_STYLE = Automatic;
				COPY_PHASE_STRIP = NO;
				DEBUG_INFORMATION_FORMAT = "dwarf-with-dsym";
				ENABLE_NS_ASSERTIONS = NO;
				ENABLE_STRICT_OBJC_MSGSEND = YES;
				GCC_C_LANGUAGE_STANDARD = gnu11;
				GCC_NO_COMMON_BLOCKS = YES;
				GCC_WARN_64_TO_32_BIT_CONVERSION = YES;
				GCC_WARN_ABOUT_RETURN_TYPE = YES_ERROR;
				GCC_WARN_UNDECLARED_SELECTOR = YES;
				GCC_WARN_UNINITIALIZED_AUTOS = YES_AGGRESSIVE;
				GCC_WARN_UNUSED_FUNCTION = YES;
				GCC_WARN_UNUSED_VARIABLE = YES;
				GENERATE_INFOPLIST_FILE = YES;
				IPHONEOS_DEPLOYMENT_TARGET = 17.0;
				MTL_ENABLE_DEBUG_INFO = NO;
				MTL_FAST_MATH = YES;
				PRODUCT_NAME = "$(TARGET_NAME)";
				SDKROOT = iphoneos;
				SWIFT_COMPILATION_MODE = wholemodule;
				SWIFT_OPTIMIZATION_LEVEL = "-O";
				SWIFT_VERSION = 6.0;
			};
			name = Release;
		};
		F92A68FC2A14647E4309C273 /* Release */ = {
			isa = XCBuildConfiguration;
			buildSettings = {
				BUNDLE_LOADER = "$(TEST_HOST)";
				LD_RUNPATH_SEARCH_PATHS = (
					"$(inherited)",
					"@executable_path/Frameworks",
					"@loader_path/Frameworks",
				);
				PRODUCT_BUNDLE_IDENTIFIER = "com.seamcarving.app-ui-tests";
				SDKROOT = iphoneos;
				TARGETED_DEVICE_FAMILY = "1,2";
				TEST_TARGET_NAME = SeamCarvingApp;
			};
			name = Release;
		};
/* End XCBuildConfiguration section */

/* Begin XCConfigurationList section */
		857348AD3DE2DB254D8DAF1D /* Build configuration list for PBXNativeTarget "SeamCarvingApp" */ = {
			isa = XCConfigurationList;
			buildConfigurations = (
				7622D854DD3BEA72EF2D7C93 /* Debug */,
				6498E2CF99D00251B534D958 /* Release */,
			);
			defaultConfigurationIsVisible = 0;
			defaultConfigurationName = Debug;
		};
		9B1A42C2DC04FE228A53ACB2 /* Build configuration list for PBXNativeTarget "SeamCarvingAppUITests" */ = {
			isa = XCConfigurationList;
			buildConfigurations = (
				3FBFC591484787415C6DB959 /* Debug */,
				F92A68FC2A14647E4309C273 /* Release */,
			);
			defaultConfigurationIsVisible = 0;
			defaultConfigurationName = Debug;
		};
		C68E682DC5148B8442608320 /* Build configuration list for PBXProject "SeamCarvingApp" */ = {
			isa = XCConfigurationList;
			buildConfigurations = (
				AE51A1CA146EE29F9F838B03 /* Debug */,
				F7D6D013FF466BCBD33297E5 /* Release */,
			);
			defaultConfigurationIsVisible = 0;
			defaultConfigurationName = Debug;
		};
		D69D43F8A68DBCE7D4FD38D1 /* Build configuration list for PBXNativeTarget "SeamCarvingAppTests" */ = {
			isa = XCConfigurationList;
			buildConfigurations = (
				A07C646069426BFCA6A1F310 /* Debug */,
				8DE981542BB3159138AEFA3C /* Release */,
			);
			defaultConfigurationIsVisible = 0;
			defaultConfigurationName = Debug;
		};
/* End XCConfigurationList section */

/* Begin XCLocalSwiftPackageReference section */
		54D066BC961CE5928062D1DC /* XCLocalSwiftPackageReference "../.." */ = {
			isa = XCLocalSwiftPackageReference;
			relativePath = ../..;
		};
/* End XCLocalSwiftPackageReference section */

/* Begin XCSwiftPackageProductDependency section */
		02901447C73792F3B57DF862 /* SeamCarvingCore */ = {
			isa = XCSwiftPackageProductDependency;
			productName = SeamCarvingCore;
		};
		04052D1B2E3852532BB62A2D /* SeamCarvingCore */ = {
			isa = XCSwiftPackageProductDependency;
			productName = SeamCarvingCore;
		};
		080339A7DA805BBAC0B17D7B /* SeamCarvingApple */ = {
			isa = XCSwiftPackageProductDependency;
			productName = SeamCarvingApple;
		};
		0E1C90B525AF3D592EFA1B68 /* SeamCarvingVision */ = {
			isa = XCSwiftPackageProductDependency;
			productName = SeamCarvingVision;
		};
		22E58456907BDF972B4CCE92 /* SeamCarvingApple */ = {
			isa = XCSwiftPackageProductDependency;
			productName = SeamCarvingApple;
		};
		6D4291298A82F8F87C4B1746 /* SeamCarvingVision */ = {
			isa = XCSwiftPackageProductDependency;
			productName = SeamCarvingVision;
		};
/* End XCSwiftPackageProductDependency section */
	};
	rootObject = 09C351FDC8742F0A8523A432 /* Project object */;
}
